
Microsoft Visual Studio Solution File, Format Version 12.00
# Visual Studio Version 17
VisualStudioVersion = 17.13.35913.81 d17.13
MinimumVisualStudioVersion = 10.0.40219.1
Project("{FAE04EC0-301F-11D3-BF4B-00C04F79EFBC}") = "ExamApi", "ExamApi.csproj", "{938FA133-D48B-4B21-B7EE-7AA162C117C8}"
EndProject
Global
	GlobalSection(SolutionConfigurationPlatforms) = preSolution
		Debug|Any CPU = Debug|Any CPU
		Release|Any CPU = Release|Any CPU
	EndGlobalSection
	GlobalSection(ProjectConfigurationPlatforms) = postSolution
		{938FA133-D48B-4B21-B7EE-7AA162C117C8}.Debug|Any CPU.ActiveCfg = Debug|Any CPU
		{938FA133-D48B-4B21-B7EE-7AA162C117C8}.Debug|Any CPU.Build.0 = Debug|Any CPU
		{938FA133-D48B-4B21-B7EE-7AA162C117C8}.Release|Any CPU.ActiveCfg = Release|Any CPU
		{938FA133-D48B-4B21-B7EE-7AA162C117C8}.Release|Any CPU.Build.0 = Release|Any CPU
	EndGlobalSection
	GlobalSection(SolutionProperties) = preSolution
		HideSolutionNode = FALSE
	EndGlobalSection
	GlobalSection(ExtensibilityGlobals) = postSolution
		SolutionGuid = {38F8AD34-DFD9-4720-8B72-4E1F279BEB10}
	EndGlobalSection
EndGlobal
